
Microsoft Visual Studio Solution File, Format Version 12.00
# Visual Studio 15
VisualStudioVersion = 15.0.28307.271
MinimumVisualStudioVersion = 10.0.40219.1
Project("{FAE04EC0-301F-11D3-BF4B-00C04F79EFBC}") = "CombinationsTest", "CombinationsTest\CombinationsTest.csproj", "{F6F7ACBF-34B3-48AB-91A3-F47B7450E30B}"
EndProject
Project("{FAE04EC0-301F-11D3-BF4B-00C04F79EFBC}") = "Combinations", "Combinations\Combinations.csproj", "{D9F028D8-CE29-4CB2-A24E-EAFF830C1BBD}"
EndProject
Project("{FAE04EC0-301F-11D3-BF4B-00C04F79EFBC}") = "CombinationsConsole", "CombinationsConsole\CombinationsConsole.csproj", "{95B526F0-5F4D-4987-BE37-0817DF55AA37}"
EndProject
Global
	GlobalSection(SolutionConfigurationPlatforms) = preSolution
		Debug|Any CPU = Debug|Any CPU
		Release|Any CPU = Release|Any CPU
	EndGlobalSection
	GlobalSection(ProjectConfigurationPlatforms) = postSolution
		{F6F7ACBF-34B3-48AB-91A3-F47B7450E30B}.Debug|Any CPU.ActiveCfg = Debug|Any CPU
		{F6F7ACBF-34B3-48AB-91A3-F47B7450E30B}.Debug|Any CPU.Build.0 = Debug|Any CPU
		{F6F7ACBF-34B3-48AB-91A3-F47B7450E30B}.Release|Any CPU.ActiveCfg = Release|Any CPU
		{F6F7ACBF-34B3-48AB-91A3-F47B7450E30B}.Release|Any CPU.Build.0 = Release|Any CPU
		{D9F028D8-CE29-4CB2-A24E-EAFF830C1BBD}.Debug|Any CPU.ActiveCfg = Debug|Any CPU
		{D9F028D8-CE29-4CB2-A24E-EAFF830C1BBD}.Debug|Any CPU.Build.0 = Debug|Any CPU
		{D9F028D8-CE29-4CB2-A24E-EAFF830C1BBD}.Release|Any CPU.ActiveCfg = Release|Any CPU
		{D9F028D8-CE29-4CB2-A24E-EAFF830C1BBD}.Release|Any CPU.Build.0 = Release|Any CPU
		{95B526F0-5F4D-4987-BE37-0817DF55AA37}.Debug|Any CPU.ActiveCfg = Debug|Any CPU
		{95B526F0-5F4D-4987-BE37-0817DF55AA37}.Debug|Any CPU.Build.0 = Debug|Any CPU
		{95B526F0-5F4D-4987-BE37-0817DF55AA37}.Release|Any CPU.ActiveCfg = Release|Any CPU
		{95B526F0-5F4D-4987-BE37-0817DF55AA37}.Release|Any CPU.Build.0 = Release|Any CPU
	EndGlobalSection
	GlobalSection(SolutionProperties) = preSolution
		HideSolutionNode = FALSE
	EndGlobalSection
	GlobalSection(ExtensibilityGlobals) = postSolution
		SolutionGuid = {6ED99730-A1C1-49DF-A604-1EC2C261BDB8}
	EndGlobalSection
EndGlobal
